
Microsoft Visual Studio Solution File, Format Version 12.00
# Visual Studio 15
VisualStudioVersion = 15.0.28307.705
MinimumVisualStudioVersion = 10.0.40219.1
Project("{FAE04EC0-301F-11D3-BF4B-00C04F79EFBC}") = "Lands.Android", "Lands\Lands.Android\Lands.Android.csproj", "{7460EDC1-80DD-4604-A327-5440248D14E6}"
EndProject
Project("{FAE04EC0-301F-11D3-BF4B-00C04F79EFBC}") = "Lands.iOS", "Lands\Lands.iOS\Lands.iOS.csproj", "{E2BA49B9-2F13-4CAB-8664-8BC63935B99B}"
EndProject
Project("{FAE04EC0-301F-11D3-BF4B-00C04F79EFBC}") = "Lands", "Lands\Lands\Lands.csproj", "{FB7F5609-6568-49B1-A3EC-8C135C7F2228}"
EndProject
Global
	GlobalSection(SolutionConfigurationPlatforms) = preSolution
		Ad-Hoc|Any CPU = Ad-Hoc|Any CPU
		Ad-Hoc|iPhone = Ad-Hoc|iPhone
		Ad-Hoc|iPhoneSimulator = Ad-Hoc|iPhoneSimulator
		AppStore|Any CPU = AppStore|Any CPU
		AppStore|iPhone = AppStore|iPhone
		AppStore|iPhoneSimulator = AppStore|iPhoneSimulator
		Debug|Any CPU = Debug|Any CPU
		Debug|iPhone = Debug|iPhone
		Debug|iPhoneSimulator = Debug|iPhoneSimulator
		Release|Any CPU = Release|Any CPU
		Release|iPhone = Release|iPhone
		Release|iPhoneSimulator = Release|iPhoneSimulator
	EndGlobalSection
	GlobalSection(ProjectConfigurationPlatforms) = postSolution
		{7460EDC1-80DD-4604-A327-5440248D14E6}.Ad-Hoc|Any CPU.ActiveCfg = Release|Any CPU
		{7460EDC1-80DD-4604-A327-5440248D14E6}.Ad-Hoc|Any CPU.Build.0 = Release|Any CPU
		{7460EDC1-80DD-4604-A327-5440248D14E6}.Ad-Hoc|Any CPU.Deploy.0 = Release|Any CPU
		{7460EDC1-80DD-4604-A327-5440248D14E6}.Ad-Hoc|iPhone.ActiveCfg = Release|Any CPU
		{7460EDC1-80DD-4604-A327-5440248D14E6}.Ad-Hoc|iPhone.Build.0 = Release|Any CPU
		{7460EDC1-80DD-4604-A327-5440248D14E6}.Ad-Hoc|iPhone.Deploy.0 = Release|Any CPU
		{7460EDC1-80DD-4604-A327-5440248D14E6}.Ad-Hoc|iPhoneSimulator.ActiveCfg = Release|Any CPU
		{7460EDC1-80DD-4604-A327-5440248D14E6}.Ad-Hoc|iPhoneSimulator.Build.0 = Release|Any CPU
		{7460EDC1-80DD-4604-A327-5440248D14E6}.Ad-Hoc|iPhoneSimulator.Deploy.0 = Release|Any CPU
		{7460EDC1-80DD-4604-A327-5440248D14E6}.AppStore|Any CPU.ActiveCfg = Release|Any CPU
		{7460EDC1-80DD-4604-A327-5440248D14E6}.AppStore|Any CPU.Build.0 = Release|Any CPU
		{7460EDC1-80DD-4604-A327-5440248D14E6}.AppStore|Any CPU.Deploy.0 = Release|Any CPU
		{7460EDC1-80DD-4604-A327-5440248D14E6}.AppStore|iPhone.ActiveCfg = Release|Any CPU
		{7460EDC1-80DD-4604-A327-5440248D14E6}.AppStore|iPhone.Build.0 = Release|Any CPU
		{7460EDC1-80DD-4604-A327-5440248D14E6}.AppStore|iPhone.Deploy.0 = Release|Any CPU
		{7460EDC1-80DD-4604-A327-5440248D14E6}.AppStore|iPhoneSimulator.ActiveCfg = Release|Any CPU
		{7460EDC1-80DD-4604-A327-5440248D14E6}.AppStore|iPhoneSimulator.Build.0 = Release|Any CPU
		{7460EDC1-80DD-4604-A327-5440248D14E6}.AppStore|iPhoneSimulator.Deploy.0 = Release|Any CPU
		{7460EDC1-80DD-4604-A327-5440248D14E6}.Debug|Any CPU.ActiveCfg = Debug|Any CPU
		{7460EDC1-80DD-4604-A327-5440248D14E6}.Debug|Any CPU.Build.0 = Debug|Any CPU
		{7460EDC1-80DD-4604-A327-5440248D14E6}.Debug|Any CPU.Deploy.0 = Debug|Any CPU
		{7460EDC1-80DD-4604-A327-5440248D14E6}.Debug|iPhone.ActiveCfg = Debug|Any CPU
		{7460EDC1-80DD-4604-A327-5440248D14E6}.Debug|iPhone.Build.0 = Debug|Any CPU
		{7460EDC1-80DD-4604-A327-5440248D14E6}.Debug|iPhone.Deploy.0 = Debug|Any CPU
		{7460EDC1-80DD-4604-A327-5440248D14E6}.Debug|iPhoneSimulator.ActiveCfg = Debug|Any CPU
		{7460EDC1-80DD-4604-A327-5440248D14E6}.Debug|iPhoneSimulator.Build.0 = Debug|Any CPU
		{7460EDC1-80DD-4604-A327-5440248D14E6}.Debug|iPhoneSimulator.Deploy.0 = Debug|Any CPU
		{7460EDC1-80DD-4604-A327-5440248D14E6}.Release|Any CPU.ActiveCfg = Release|Any CPU
		{7460EDC1-80DD-4604-A327-5440248D14E6}.Release|Any CPU.Build.0 = Release|Any CPU
		{7460EDC1-80DD-4604-A327-5440248D14E6}.Release|Any CPU.Deploy.0 = Release|Any CPU
		{7460EDC1-80DD-4604-A327-5440248D14E6}.Release|iPhone.ActiveCfg = Release|Any CPU
		{7460EDC1-80DD-4604-A327-5440248D14E6}.Release|iPhone.Build.0 = Release|Any CPU
		{7460EDC1-80DD-4604-A327-5440248D14E6}.Release|iPhone.Deploy.0 = Release|Any CPU
		{7460EDC1-80DD-4604-A327-5440248D14E6}.Release|iPhoneSimulator.ActiveCfg = Release|Any CPU
		{7460EDC1-80DD-4604-A327-5440248D14E6}.Release|iPhoneSimulator.Build.0 = Release|Any CPU
		{7460EDC1-80DD-4604-A327-5440248D14E6}.Release|iPhoneSimulator.Deploy.0 = Release|Any CPU
		{E2BA49B9-2F13-4CAB-8664-8BC63935B99B}.Ad-Hoc|Any CPU.ActiveCfg = Ad-Hoc|iPhone
		{E2BA49B9-2F13-4CAB-8664-8BC63935B99B}.Ad-Hoc|Any CPU.Build.0 = Ad-Hoc|iPhone
		{E2BA49B9-2F13-4CAB-8664-8BC63935B99B}.Ad-Hoc|Any CPU.Deploy.0 = Ad-Hoc|iPhone
		{E2BA49B9-2F13-4CAB-8664-8BC63935B99B}.Ad-Hoc|iPhone.ActiveCfg = Ad-Hoc|iPhone
		{E2BA49B9-2F13-4CAB-8664-8BC63935B99B}.Ad-Hoc|iPhone.Build.0 = Ad-Hoc|iPhone
		{E2BA49B9-2F13-4CAB-8664-8BC63935B99B}.Ad-Hoc|iPhone.Deploy.0 = Ad-Hoc|iPhone
		{E2BA49B9-2F13-4CAB-8664-8BC63935B99B}.Ad-Hoc|iPhoneSimulator.ActiveCfg = Ad-Hoc|iPhoneSimulator
		{E2BA49B9-2F13-4CAB-8664-8BC63935B99B}.Ad-Hoc|iPhoneSimulator.Build.0 = Ad-Hoc|iPhoneSimulator
		{E2BA49B9-2F13-4CAB-8664-8BC63935B99B}.Ad-Hoc|iPhoneSimulator.Deploy.0 = Ad-Hoc|iPhoneSimulator
		{E2BA49B9-2F13-4CAB-8664-8BC63935B99B}.AppStore|Any CPU.ActiveCfg = AppStore|iPhone
		{E2BA49B9-2F13-4CAB-8664-8BC63935B99B}.AppStore|Any CPU.Build.0 = AppStore|iPhone
		{E2BA49B9-2F13-4CAB-8664-8BC63935B99B}.AppStore|Any CPU.Deploy.0 = AppStore|iPhone
		{E2BA49B9-2F13-4CAB-8664-8BC63935B99B}.AppStore|iPhone.ActiveCfg = AppStore|iPhone
		{E2BA49B9-2F13-4CAB-8664-8BC63935B99B}.AppStore|iPhone.Build.0 = AppStore|iPhone
		{E2BA49B9-2F13-4CAB-8664-8BC63935B99B}.AppStore|iPhone.Deploy.0 = AppStore|iPhone
		{E2BA49B9-2F13-4CAB-8664-8BC63935B99B}.AppStore|iPhoneSimulator.ActiveCfg = AppStore|iPhoneSimulator
		{E2BA49B9-2F13-4CAB-8664-8BC63935B99B}.AppStore|iPhoneSimulator.Build.0 = AppStore|iPhoneSimulator
		{E2BA49B9-2F13-4CAB-8664-8BC63935B99B}.AppStore|iPhoneSimulator.Deploy.0 = AppStore|iPhoneSimulator
		{E2BA49B9-2F13-4CAB-8664-8BC63935B99B}.Debug|Any CPU.ActiveCfg = Debug|iPhoneSimulator
		{E2BA49B9-2F13-4CAB-8664-8BC63935B99B}.Debug|Any CPU.Build.0 = Debug|iPhoneSimulator
		{E2BA49B9-2F13-4CAB-8664-8BC63935B99B}.Debug|Any CPU.Deploy.0 = Debug|iPhoneSimulator
		{E2BA49B9-2F13-4CAB-8664-8BC63935B99B}.Debug|iPhone.ActiveCfg = Debug|iPhone
		{E2BA49B9-2F13-4CAB-8664-8BC63935B99B}.Debug|iPhone.Build.0 = Debug|iPhone
		{E2BA49B9-2F13-4CAB-8664-8BC63935B99B}.Debug|iPhone.Deploy.0 = Debug|iPhone
		{E2BA49B9-2F13-4CAB-8664-8BC63935B99B}.Debug|iPhoneSimulator.ActiveCfg = Debug|iPhoneSimulator
		{E2BA49B9-2F13-4CAB-8664-8BC63935B99B}.Debug|iPhoneSimulator.Build.0 = Debug|iPhoneSimulator
		{E2BA49B9-2F13-4CAB-8664-8BC63935B99B}.Debug|iPhoneSimulator.Deploy.0 = Debug|iPhoneSimulator
		{E2BA49B9-2F13-4CAB-8664-8BC63935B99B}.Release|Any CPU.ActiveCfg = Release|iPhone
		{E2BA49B9-2F13-4CAB-8664-8BC63935B99B}.Release|Any CPU.Build.0 = Release|iPhone
		{E2BA49B9-2F13-4CAB-8664-8BC63935B99B}.Release|Any CPU.Deploy.0 = Release|iPhone
		{E2BA49B9-2F13-4CAB-8664-8BC63935B99B}.Release|iPhone.ActiveCfg = Release|iPhone
		{E2BA49B9-2F13-4CAB-8664-8BC63935B99B}.Release|iPhone.Build.0 = Release|iPhone
		{E2BA49B9-2F13-4CAB-8664-8BC63935B99B}.Release|iPhone.Deploy.0 = Release|iPhone
		{E2BA49B9-2F13-4CAB-8664-8BC63935B99B}.Release|iPhoneSimulator.ActiveCfg = Release|iPhoneSimulator
		{E2BA49B9-2F13-4CAB-8664-8BC63935B99B}.Release|iPhoneSimulator.Build.0 = Release|iPhoneSimulator
		{E2BA49B9-2F13-4CAB-8664-8BC63935B99B}.Release|iPhoneSimulator.Deploy.0 = Release|iPhoneSimulator
		{FB7F5609-6568-49B1-A3EC-8C135C7F2228}.Ad-Hoc|Any CPU.ActiveCfg = Debug|Any CPU
		{FB7F5609-6568-49B1-A3EC-8C135C7F2228}.Ad-Hoc|Any CPU.Build.0 = Debug|Any CPU
		{FB7F5609-6568-49B1-A3EC-8C135C7F2228}.Ad-Hoc|Any CPU.Deploy.0 = Debug|Any CPU
		{FB7F5609-6568-49B1-A3EC-8C135C7F2228}.Ad-Hoc|iPhone.ActiveCfg = Debug|Any CPU
		{FB7F5609-6568-49B1-A3EC-8C135C7F2228}.Ad-Hoc|iPhone.Build.0 = Debug|Any CPU
		{FB7F5609-6568-49B1-A3EC-8C135C7F2228}.Ad-Hoc|iPhone.Deploy.0 = Debug|Any CPU
		{FB7F5609-6568-49B1-A3EC-8C135C7F2228}.Ad-Hoc|iPhoneSimulator.ActiveCfg = Debug|Any CPU
		{FB7F5609-6568-49B1-A3EC-8C135C7F2228}.Ad-Hoc|iPhoneSimulator.Build.0 = Debug|Any CPU
		{FB7F5609-6568-49B1-A3EC-8C135C7F2228}.Ad-Hoc|iPhoneSimulator.Deploy.0 = Debug|Any CPU
		{FB7F5609-6568-49B1-A3EC-8C135C7F2228}.AppStore|Any CPU.ActiveCfg = Debug|Any CPU
		{FB7F5609-6568-49B1-A3EC-8C135C7F2228}.AppStore|Any CPU.Build.0 = Debug|Any CPU
		{FB7F5609-6568-49B1-A3EC-8C135C7F2228}.AppStore|Any CPU.Deploy.0 = Debug|Any CPU
		{FB7F5609-6568-49B1-A3EC-8C135C7F2228}.AppStore|iPhone.ActiveCfg = Debug|Any CPU
		{FB7F5609-6568-49B1-A3EC-8C135C7F2228}.AppStore|iPhone.Build.0 = Debug|Any CPU
		{FB7F5609-6568-49B1-A3EC-8C135C7F2228}.AppStore|iPhone.Deploy.0 = Debug|Any CPU
		{FB7F5609-6568-49B1-A3EC-8C135C7F2228}.AppStore|iPhoneSimulator.ActiveCfg = Debug|Any CPU
		{FB7F5609-6568-49B1-A3EC-8C135C7F2228}.AppStore|iPhoneSimulator.Build.0 = Debug|Any CPU
		{FB7F5609-6568-49B1-A3EC-8C135C7F2228}.AppStore|iPhoneSimulator.Deploy.0 = Debug|Any CPU
		{FB7F5609-6568-49B1-A3EC-8C135C7F2228}.Debug|Any CPU.ActiveCfg = Debug|Any CPU
		{FB7F5609-6568-49B1-A3EC-8C135C7F2228}.Debug|Any CPU.Build.0 = Debug|Any CPU
		{FB7F5609-6568-49B1-A3EC-8C135C7F2228}.Debug|Any CPU.Deploy.0 = Debug|Any CPU
		{FB7F5609-6568-49B1-A3EC-8C135C7F2228}.Debug|iPhone.ActiveCfg = Debug|Any CPU
		{FB7F5609-6568-49B1-A3EC-8C135C7F2228}.Debug|iPhone.Build.0 = Debug|Any CPU
		{FB7F5609-6568-49B1-A3EC-8C135C7F2228}.Debug|iPhone.Deploy.0 = Debug|Any CPU
		{FB7F5609-6568-49B1-A3EC-8C135C7F2228}.Debug|iPhoneSimulator.ActiveCfg = Debug|Any CPU
		{FB7F5609-6568-49B1-A3EC-8C135C7F2228}.Debug|iPhoneSimulator.Build.0 = Debug|Any CPU
		{FB7F5609-6568-49B1-A3EC-8C135C7F2228}.Debug|iPhoneSimulator.Deploy.0 = Debug|Any CPU
		{FB7F5609-6568-49B1-A3EC-8C135C7F2228}.Release|Any CPU.ActiveCfg = Release|Any CPU
		{FB7F5609-6568-49B1-A3EC-8C135C7F2228}.Release|Any CPU.Build.0 = Release|Any CPU
		{FB7F5609-6568-49B1-A3EC-8C135C7F2228}.Release|Any CPU.Deploy.0 = Release|Any CPU
		{FB7F5609-6568-49B1-A3EC-8C135C7F2228}.Release|iPhone.ActiveCfg = Release|Any CPU
		{FB7F5609-6568-49B1-A3EC-8C135C7F2228}.Release|iPhone.Build.0 = Release|Any CPU
		{FB7F5609-6568-49B1-A3EC-8C135C7F2228}.Release|iPhone.Deploy.0 = Release|Any CPU
		{FB7F5609-6568-49B1-A3EC-8C135C7F2228}.Release|iPhoneSimulator.ActiveCfg = Release|Any CPU
		{FB7F5609-6568-49B1-A3EC-8C135C7F2228}.Release|iPhoneSimulator.Build.0 = Release|Any CPU
		{FB7F5609-6568-49B1-A3EC-8C135C7F2228}.Release|iPhoneSimulator.Deploy.0 = Release|Any CPU
	EndGlobalSection
	GlobalSection(SolutionProperties) = preSolution
		HideSolutionNode = FALSE
	EndGlobalSection
	GlobalSection(ExtensibilityGlobals) = postSolution
		SolutionGuid = {2D06FB03-13B3-45D2-A1C2-9EB8FB37C44D}
	EndGlobalSection
EndGlobal
